version = 1
requires-python = ">=3.11"
resolution-markers = [
    "python_full_version < '3.12'",
    "python_full_version >= '3.12'",
]

[[package]]
name = "clarabel"
version = "0.9.0"
source = { registry = "https://pypi.org/simple" }
dependencies = [
    { name = "numpy" },
    { name = "scipy" },
]
sdist = { url = "https://files.pythonhosted.org/packages/bb/93/fb4b178a6697d04690c392289bb504032116eaf9f46c501fb23eb42a069d/clarabel-0.9.0.tar.gz", hash = "sha256:0d6d3fe8800be5b4b5d40a8e14bd492667b3e46cc5dbe37677ce5ed25f0719d4", size = 199359 }
wheels = [
    { url = "https://files.pythonhosted.org/packages/8b/b9/e41f5316a2d4261c340d9fa6aa1694dd57d12cc45f1e5dfc5773d2b53d39/clarabel-0.9.0-cp37-abi3-macosx_10_12_x86_64.macosx_11_0_arm64.macosx_10_12_universal2.whl", hash = "sha256:702cc4666c0ccf893c936f9f1f55cbb3233ae2d5fa05f67b370ac3e7ec50f222", size = 1713421 },
    { url = "https://files.pythonhosted.org/packages/65/75/b4f2b5f4a0af6975c463efe9ef580debff98ade6795e6e885babf7527586/clarabel-0.9.0-cp37-abi3-macosx_10_12_x86_64.whl", hash = "sha256:8ea616757b460153ead375b3dd3ce763d46fc3717248077bbfa7b2c844b1775f", size = 890154 },
    { url = "https://files.pythonhosted.org/packages/a5/2e/096e0bc32ffa7eadb69f6e768fbbc58acf0b0e4003db4bd70c79b1856c47/clarabel-0.9.0-cp37-abi3-manylinux_2_17_aarch64.manylinux2014_aarch64.whl", hash = "sha256:2b5ae16d7dd87aabf72260cf9590ba0d037c52d48555bcf3a86b1f0d9cf88dd4", size = 1761144 },
    { url = "https://files.pythonhosted.org/packages/d9/1a/4319fa902c9c3e350d134d78d79baa61c6e2e5e51050861ecc147c73f6a7/clarabel-0.9.0-cp37-abi3-manylinux_2_17_i686.manylinux2014_i686.whl", hash = "sha256:85cb560a5c4cdfb079e3437e21f0b62b69ba766ae082aeb96ced0b5763214077", size = 1831888 },
    { url = "https://files.pythonhosted.org/packages/8c/12/e92ba69884f84e0f16a9fb5093522924502995348f0269cc42ed062f2edc/clarabel-0.9.0-cp37-abi3-manylinux_2_17_x86_64.manylinux2014_x86_64.whl", hash = "sha256:0eaeb3fbb5a90b598700d5435c7f102592a1a79ee25df5a097e0af575838786b", size = 1784994 },
    { url = "https://files.pythonhosted.org/packages/2e/1f/ce55955a7ad5946cacd1f0aa76233ee354d4c357669ce81f1e5dc69be971/clarabel-0.9.0-cp37-abi3-win32.whl", hash = "sha256:759c2fa0ccc61ae1a02691c43753638a0ae793bf1de81c6f6763c346789a7e25", size = 699668 },
    { url = "https://files.pythonhosted.org/packages/36/be/110fe7ca190e024e3185d6351645346b785da6933ce3fb382d4811215f8c/clarabel-0.9.0-cp37-abi3-win_amd64.whl", hash = "sha256:d24e4ed1b686eb2fe2a1b6e77935af6ad62a2c044131e70801ec1d3ef3d33280", size = 736436 },
]

[[package]]
name = "colorama"
version = "0.4.6"
source = { registry = "https://pypi.org/simple" }
sdist = { url = "https://files.pythonhosted.org/packages/d8/53/6f443c9a4a8358a93a6792e2acffb9d9d5cb0a5cfd8802644b7b1c9a02e4/colorama-0.4.6.tar.gz", hash = "sha256:08695f5cb7ed6e0531a20572697297273c47b8cae5a63ffc6d6ed5c201be6e44", size = 27697 }
wheels = [
    { url = "https://files.pythonhosted.org/packages/d1/d6/3965ed04c63042e047cb6a3e6ed1a63a35087b6a609aa3a15ed8ac56c221/colorama-0.4.6-py2.py3-none-any.whl", hash = "sha256:4f1d9991f5acc0ca119f9d443620b77f9d6b33703e51011c16baf57afb285fc6", size = 25335 },
]

[[package]]
name = "cvxpy"
version = "1.5.3"
source = { registry = "https://pypi.org/simple" }
dependencies = [
    { name = "clarabel" },
    { name = "ecos" },
    { name = "numpy" },
    { name = "osqp" },
    { name = "scipy" },
    { name = "scs" },
]
wheels = [
    { url = "https://files.pythonhosted.org/packages/cb/e3/0557ffa8e47a7fcd79566c937a941a007c6611d1d51441e3200942cdbd37/cvxpy-1.5.3-cp311-cp311-macosx_10_9_universal2.whl", hash = "sha256:bfa9713c0b378383674c56b82f2b16ea746d0fdb5682a4ee8d25ce21a9a46bb4", size = 1426902 },
    { url = "https://files.pythonhosted.org/packages/76/3a/149d57f680e48615e450b28ebec5fa30eef9c5bdb09d54d072d422000b6a/cvxpy-1.5.3-cp311-cp311-macosx_10_9_x86_64.whl", hash = "sha256:ec4c8208d125d2c709964ae5783a07fc0fc847caafaaf738719d70f1b122e913", size = 1100511 },
    { url = "https://files.pythonhosted.org/packages/00/17/65842d5c2182122a488bc1b0bf7ee2180ec4cd2d6c4d54a8f8f14eb55bcc/cvxpy-1.5.3-cp311-cp311-manylinux_2_17_aarch64.manylinux2014_aarch64.whl", hash = "sha256:45aa9bbff2b695801ee72e4152f8745ef1308304d1137f07f4ac2f3bd92e19a1", size = 1166369 },
    { url = "https://files.pythonhosted.org/packages/d3/39/8da06aa1abdb6375fa607afccbb45d22e5db45a09fad0684193536f72210/cvxpy-1.5.3-cp311-cp311-manylinux_2_17_x86_64.manylinux2014_x86_64.whl", hash = "sha256:7d202584bda28e47e84034eab41d88b5f42a696854407386a121429c0e687f85", size = 1190386 },
    { url = "https://files.pythonhosted.org/packages/10/c9/f660f90f7b9c1dbfc70a36f253dde48ac96e671b5e996fe99ca92c79e16f/cvxpy-1.5.3-cp311-cp311-win_amd64.whl", hash = "sha256:031208910db7cb1679e553fda6878760d2b191e07b130365f2cd8a9489677c77", size = 1053051 },
    { url = "https://files.pythonhosted.org/packages/48/2c/f12be05867268b07e03e1212a97873b2b235ac208b86e76c598e3f603e4b/cvxpy-1.5.3-cp312-cp312-macosx_10_9_universal2.whl", hash = "sha256:ba61d01b4a095eeedf2244feea2bc4225c4f1a38ece716ec338183f0e2c7b72e", size = 1424134 },
    { url = "https://files.pythonhosted.org/packages/e6/98/7179f9efe2d6f6cdf3076986c8e800e663f592ee9e8aad0d43730247d0a0/cvxpy-1.5.3-cp312-cp312-macosx_10_9_x86_64.whl", hash = "sha256:7ee652f36cbe04aae292423f031156390251a0fbc55e53b808a24172bf95677b", size = 1100143 },
    { url = "https://files.pythonhosted.org/packages/fa/48/ed5071259fef1255fddca46a56afab4c188496df9012569068a1edd6afd1/cvxpy-1.5.3-cp312-cp312-manylinux_2_17_aarch64.manylinux2014_aarch64.whl", hash = "sha256:62ae140c573462f2007795d7042875848560d7a4fe5e090285b32f268b078f67", size = 1165950 },
    { url = "https://files.pythonhosted.org/packages/9e/0e/f9cff3d578c07cfcb501906cf7469db52c018d83acb345d0e3d96e0b5c83/cvxpy-1.5.3-cp312-cp312-manylinux_2_17_x86_64.manylinux2014_x86_64.whl", hash = "sha256:70bcd7207b02afd052fa993c262a0601ad8d39fa2f901b227b34fea7b17dca1a", size = 1191709 },
    { url = "https://files.pythonhosted.org/packages/e1/5a/b69c963c3340032ff1c3e251b60c8cf299d1542e58339983c47e327874ab/cvxpy-1.5.3-cp312-cp312-win_amd64.whl", hash = "sha256:3d8b619c2053d5f127dbd5aa9ceb5a5bdffaa3fa6c5519617364279a183b75bc", size = 1053226 },
]

[[package]]
name = "ecos"
version = "2.0.14"
source = { registry = "https://pypi.org/simple" }
dependencies = [
    { name = "numpy" },
    { name = "scipy" },
]
sdist = { url = "https://files.pythonhosted.org/packages/2e/5f/17716c533da95ed110815b159efa22b1064c8c41fd5c862f21aff7a7fec0/ecos-2.0.14.tar.gz", hash = "sha256:64b3201c0e0a7f0129050557c4ac50b00031e80a10534506dba1200c8dc1efe4", size = 142430 }
wheels = [
    { url = "https://files.pythonhosted.org/packages/2b/9b/c886a268d4b7adfaa1171244cdbfa3c944e5a599fe7a5e738ee27390ab20/ecos-2.0.14-cp311-cp311-macosx_10_9_x86_64.whl", hash = "sha256:dc90b54eaae16ead128bfdd95e04bf808b73578bdf40ed652c55aa36a6d02e42", size = 92594 },
    { url = "https://files.pythonhosted.org/packages/49/e9/fae34e8ef6a9b78c3098a4428ed0e8f77cdeb334a7dc17c649abb686ed08/ecos-2.0.14-cp311-cp311-manylinux_2_17_x86_64.manylinux2014_x86_64.whl", hash = "sha256:7a8be3b4856838ae351fec40fb3589181d52b41cf75bf4d35342686a508c37a6", size = 220084 },
    { url = "https://files.pythonhosted.org/packages/2f/45/1e52519d6c29dd26bbfaf92ece5b45ca3de3b7c8b2615a818aaeadb7ad63/ecos-2.0.14-cp311-cp311-win_amd64.whl", hash = "sha256:7495b3031ccc2d4cec72cdb40aed8a2d1fdd734fe40519b7e6047aead5e811cf", size = 72199 },
    { url = "https://files.pythonhosted.org/packages/af/c3/84e392f2410f51fa557198937cc52a2e80f887c517ef4e3fb6d46e3bb008/ecos-2.0.14-cp312-cp312-macosx_10_9_x86_64.whl", hash = "sha256:4a7e2704a3ef9acfb8146d594deff9942d3a0f0d0399de8fe2e0bd95e8b0855c", size = 92545 },
    { url = "https://files.pythonhosted.org/packages/82/12/42f4d953f9284571726b085f99e13bfa84522bf63bf2e7a81460013b09e6/ecos-2.0.14-cp312-cp312-manylinux_2_17_x86_64.manylinux2014_x86_64.whl", hash = "sha256:f3cbb1a66ecf10955a1a4bcd6b99db55148000cb79fd176bfac26d98b21a4814", size = 222132 },
    { url = "https://files.pythonhosted.org/packages/56/9a/ca30572f3e3ff3cef6a0ea8aa6cdc12c36f9fefe559f65c7d6265713196a/ecos-2.0.14-cp312-cp312-win_amd64.whl", hash = "sha256:718eb62afb8e45426bcc365ebaf3ca9f610afcbb754de6073ef5f104da8fca1f", size = 72248 },
]

[[package]]
name = "loguru"
version = "0.7.2"
source = { registry = "https://pypi.org/simple" }
dependencies = [
    { name = "colorama", marker = "sys_platform == 'win32'" },
    { name = "win32-setctime", marker = "sys_platform == 'win32'" },
]
sdist = { url = "https://files.pythonhosted.org/packages/9e/30/d87a423766b24db416a46e9335b9602b054a72b96a88a241f2b09b560fa8/loguru-0.7.2.tar.gz", hash = "sha256:e671a53522515f34fd406340ee968cb9ecafbc4b36c679da03c18fd8d0bd51ac", size = 145103 }
wheels = [
    { url = "https://files.pythonhosted.org/packages/03/0a/4f6fed21aa246c6b49b561ca55facacc2a44b87d65b8b92362a8e99ba202/loguru-0.7.2-py3-none-any.whl", hash = "sha256:003d71e3d3ed35f0f8984898359d65b79e5b21943f78af86aa5491210429b8eb", size = 62549 },
]

[[package]]
name = "mosek"
version = "10.2.5"
source = { registry = "https://pypi.org/simple" }
dependencies = [
    { name = "numpy" },
]
wheels = [
    { url = "https://files.pythonhosted.org/packages/75/77/942824f801534eeaf7a63a718c32442d2c34106d1645cc3f27ac204015f3/Mosek-10.2.5-cp37-abi3-macosx_10_15_x86_64.whl", hash = "sha256:e774509fb317fb4152ca9d3c53d92cb305854204dc3fccb97493d5db5e7848c1", size = 14513256 },
    { url = "https://files.pythonhosted.org/packages/30/7b/a2047edd4b15f3699b946b4f87248c138f969ebdf7cd67486ed1fa91c951/Mosek-10.2.5-cp37-abi3-manylinux2014_x86_64.whl", hash = "sha256:767117a99b8da08e9c71b873c925045feb89ade6e5d3db95aa560448b7832204", size = 15094715 },
    { url = "https://files.pythonhosted.org/packages/53/af/673a205c2b7c0f1767fceee61972ef6777d8f6f8b358f47541873144f101/Mosek-10.2.5-cp37-abi3-manylinux_2_29_aarch64.whl", hash = "sha256:6048f28d38b5c3ec03d6ec78a3100434b024a3b5d41d9967c7a38458fa8256ea", size = 10416052 },
    { url = "https://files.pythonhosted.org/packages/27/72/6f0127ccb038f353a09f46f5a641161deec5f0cc1fd89396fde7ce3e7e2f/Mosek-10.2.5-cp37-abi3-win_amd64.whl", hash = "sha256:74e144c5efdba4cc034dcc5ba6f50b99a5da15426f8878a63ea090aea595a76f", size = 19513978 },
    { url = "https://files.pythonhosted.org/packages/6c/34/b945b7018641c83f47ddf7292612f33905b78ce57f7f5a57c9c60efc4c98/Mosek-10.2.5-cp38-abi3-macosx_11_0_arm64.whl", hash = "sha256:be757c1682f318ac63b85b0a19f8f2f4eb3a94682c6ccf9ec1190e1b72db5fd2", size = 7826043 },
]

[[package]]
name = "numpy"
version = "1.26.4"
source = { registry = "https://pypi.org/simple" }
sdist = { url = "https://files.pythonhosted.org/packages/65/6e/09db70a523a96d25e115e71cc56a6f9031e7b8cd166c1ac8438307c14058/numpy-1.26.4.tar.gz", hash = "sha256:2a02aba9ed12e4ac4eb3ea9421c420301a0c6460d9830d74a9df87efa4912010", size = 15786129 }
wheels = [
    { url = "https://files.pythonhosted.org/packages/11/57/baae43d14fe163fa0e4c47f307b6b2511ab8d7d30177c491960504252053/numpy-1.26.4-cp311-cp311-macosx_10_9_x86_64.whl", hash = "sha256:4c66707fabe114439db9068ee468c26bbdf909cac0fb58686a42a24de1760c71", size = 20630554 },
    { url = "https://files.pythonhosted.org/packages/1a/2e/151484f49fd03944c4a3ad9c418ed193cfd02724e138ac8a9505d056c582/numpy-1.26.4-cp311-cp311-macosx_11_0_arm64.whl", hash = "sha256:edd8b5fe47dab091176d21bb6de568acdd906d1887a4584a15a9a96a1dca06ef", size = 13997127 },
    { url = "https://files.pythonhosted.org/packages/79/ae/7e5b85136806f9dadf4878bf73cf223fe5c2636818ba3ab1c585d0403164/numpy-1.26.4-cp311-cp311-manylinux_2_17_aarch64.manylinux2014_aarch64.whl", hash = "sha256:7ab55401287bfec946ced39700c053796e7cc0e3acbef09993a9ad2adba6ca6e", size = 14222994 },
    { url = "https://files.pythonhosted.org/packages/3a/d0/edc009c27b406c4f9cbc79274d6e46d634d139075492ad055e3d68445925/numpy-1.26.4-cp311-cp311-manylinux_2_17_x86_64.manylinux2014_x86_64.whl", hash = "sha256:666dbfb6ec68962c033a450943ded891bed2d54e6755e35e5835d63f4f6931d5", size = 18252005 },
    { url = "https://files.pythonhosted.org/packages/09/bf/2b1aaf8f525f2923ff6cfcf134ae5e750e279ac65ebf386c75a0cf6da06a/numpy-1.26.4-cp311-cp311-musllinux_1_1_aarch64.whl", hash = "sha256:96ff0b2ad353d8f990b63294c8986f1ec3cb19d749234014f4e7eb0112ceba5a", size = 13885297 },
    { url = "https://files.pythonhosted.org/packages/df/a0/4e0f14d847cfc2a633a1c8621d00724f3206cfeddeb66d35698c4e2cf3d2/numpy-1.26.4-cp311-cp311-musllinux_1_1_x86_64.whl", hash = "sha256:60dedbb91afcbfdc9bc0b1f3f402804070deed7392c23eb7a7f07fa857868e8a", size = 18093567 },
    { url = "https://files.pythonhosted.org/packages/d2/b7/a734c733286e10a7f1a8ad1ae8c90f2d33bf604a96548e0a4a3a6739b468/numpy-1.26.4-cp311-cp311-win32.whl", hash = "sha256:1af303d6b2210eb850fcf03064d364652b7120803a0b872f5211f5234b399f20", size = 5968812 },
    { url = "https://files.pythonhosted.org/packages/3f/6b/5610004206cf7f8e7ad91c5a85a8c71b2f2f8051a0c0c4d5916b76d6cbb2/numpy-1.26.4-cp311-cp311-win_amd64.whl", hash = "sha256:cd25bcecc4974d09257ffcd1f098ee778f7834c3ad767fe5db785be9a4aa9cb2", size = 15811913 },
    { url = "https://files.pythonhosted.org/packages/95/12/8f2020a8e8b8383ac0177dc9570aad031a3beb12e38847f7129bacd96228/numpy-1.26.4-cp312-cp312-macosx_10_9_x86_64.whl", hash = "sha256:b3ce300f3644fb06443ee2222c2201dd3a89ea6040541412b8fa189341847218", size = 20335901 },
    { url = "https://files.pythonhosted.org/packages/75/5b/ca6c8bd14007e5ca171c7c03102d17b4f4e0ceb53957e8c44343a9546dcc/numpy-1.26.4-cp312-cp312-macosx_11_0_arm64.whl", hash = "sha256:03a8c78d01d9781b28a6989f6fa1bb2c4f2d51201cf99d3dd875df6fbd96b23b", size = 13685868 },
    { url = "https://files.pythonhosted.org/packages/79/f8/97f10e6755e2a7d027ca783f63044d5b1bc1ae7acb12afe6a9b4286eac17/numpy-1.26.4-cp312-cp312-manylinux_2_17_aarch64.manylinux2014_aarch64.whl", hash = "sha256:9fad7dcb1aac3c7f0584a5a8133e3a43eeb2fe127f47e3632d43d677c66c102b", size = 13925109 },
    { url = "https://files.pythonhosted.org/packages/0f/50/de23fde84e45f5c4fda2488c759b69990fd4512387a8632860f3ac9cd225/numpy-1.26.4-cp312-cp312-manylinux_2_17_x86_64.manylinux2014_x86_64.whl", hash = "sha256:675d61ffbfa78604709862923189bad94014bef562cc35cf61d3a07bba02a7ed", size = 17950613 },
    { url = "https://files.pythonhosted.org/packages/4c/0c/9c603826b6465e82591e05ca230dfc13376da512b25ccd0894709b054ed0/numpy-1.26.4-cp312-cp312-musllinux_1_1_aarch64.whl", hash = "sha256:ab47dbe5cc8210f55aa58e4805fe224dac469cde56b9f731a4c098b91917159a", size = 13572172 },
    { url = "https://files.pythonhosted.org/packages/76/8c/2ba3902e1a0fc1c74962ea9bb33a534bb05984ad7ff9515bf8d07527cadd/numpy-1.26.4-cp312-cp312-musllinux_1_1_x86_64.whl", hash = "sha256:1dda2e7b4ec9dd512f84935c5f126c8bd8b9f2fc001e9f54af255e8c5f16b0e0", size = 17786643 },
    { url = "https://files.pythonhosted.org/packages/28/4a/46d9e65106879492374999e76eb85f87b15328e06bd1550668f79f7b18c6/numpy-1.26.4-cp312-cp312-win32.whl", hash = "sha256:50193e430acfc1346175fcbdaa28ffec49947a06918b7b92130744e81e640110", size = 5677803 },
    { url = "https://files.pythonhosted.org/packages/16/2e/86f24451c2d530c88daf997cb8d6ac622c1d40d19f5a031ed68a4b73a374/numpy-1.26.4-cp312-cp312-win_amd64.whl", hash = "sha256:08beddf13648eb95f8d867350f6a018a4be2e5ad54c8d8caed89ebca558b2818", size = 15517754 },
]

[[package]]
name = "osqp"
version = "0.6.7.post3"
source = { registry = "https://pypi.org/simple" }
dependencies = [
    { name = "numpy" },
    { name = "qdldl" },
    { name = "scipy" },
]
sdist = { url = "https://files.pythonhosted.org/packages/74/35/45d4d1832b31d207f83e0f9734d041be125fb4f0dff49413674bd1b08032/osqp-0.6.7.post3.tar.gz", hash = "sha256:b0c5e0a721f21c9724097a4fd50108304d296468d124e16f34ac67046f7020e1", size = 229274 }
wheels = [
    { url = "https://files.pythonhosted.org/packages/f2/dd/123079f0ad8409d3be9074344a3d45073ce928f701890f010ab506ffee9f/osqp-0.6.7.post3-cp311-cp311-macosx_10_9_x86_64.whl", hash = "sha256:b1a1dcd869fd6ac501e06262c21483a3691b6281e4f3f65af6951330958b89ca", size = 251844 },
    { url = "https://files.pythonhosted.org/packages/cd/6d/0d17e8fa61809c125f97685d86e6cd6f7b1e745e01b8d3f96d783c8de41b/osqp-0.6.7.post3-cp311-cp311-macosx_11_0_arm64.whl", hash = "sha256:46b93d1110dc0ad311f6691c4df9ee41cbbde5ffc0d8c8d520d4555bf5d8765b", size = 237567 },
    { url = "https://files.pythonhosted.org/packages/4f/74/d748a9f42426fa48ab0139d0738988296a3c599a6b3c78395258d02e436b/osqp-0.6.7.post3-cp311-cp311-manylinux_2_17_aarch64.manylinux2014_aarch64.whl", hash = "sha256:5209104d6fe3ace4fdbf9ace08caa2cba9de1e7ccd5f56279a346c235917138b", size = 293855 },
    { url = "https://files.pythonhosted.org/packages/55/72/8746c4bc488a31641091ccc50e71f92e0a4211e2ef882e00904940531962/osqp-0.6.7.post3-cp311-cp311-manylinux_2_5_x86_64.manylinux1_x86_64.manylinux_2_17_x86_64.manylinux2014_x86_64.whl", hash = "sha256:fdfefa07740e9fb1c574cdc836e5afe2600b73c0c12089955d4ae6587c55f0eb", size = 298312 },
    { url = "https://files.pythonhosted.org/packages/f8/7b/ec42030f389c1b2a7e5517d4ba4a169f1d8fb6f4beb92c5b457e0cc284e4/osqp-0.6.7.post3-cp311-cp311-win_amd64.whl", hash = "sha256:c48c91dfba02ce11e8b8f5d401ec5b67a316782bfdf4f53ca753e49907f7387f", size = 293043 },
    { url = "https://files.pythonhosted.org/packages/22/26/4cf65e82cf63c4f4ff5186618c006d95a1a5bc9f4f015563ad6d87d75a42/osqp-0.6.7.post3-cp312-cp312-macosx_10_13_x86_64.whl", hash = "sha256:023af06764f7aba9c64536ecb7204019906bb7e78237f335f82b404f16623eef", size = 252062 },
    { url = "https://files.pythonhosted.org/packages/ce/bc/ece5348baef40bf355c5ef8000103aaf77973060f4c940da9cce0999e00d/osqp-0.6.7.post3-cp312-cp312-macosx_11_0_arm64.whl", hash = "sha256:4cec7cb5bf1615c4129277275dc08e20a037372a874cff35eb891b4b35a463de", size = 237577 },
    { url = "https://files.pythonhosted.org/packages/31/33/f09c305591606e59edc5f09aa5cba3606c0e29e7b0fff42d044585bcc1f4/osqp-0.6.7.post3-cp312-cp312-manylinux_2_17_aarch64.manylinux2014_aarch64.whl", hash = "sha256:eb882ab24b97b14843b7c71d2474fb8b415bafc8dd60aa94870c2ef338c20bfb", size = 295407 },
    { url = "https://files.pythonhosted.org/packages/ef/63/356f01888eb0e4cd8603eb8b7711a6865e26bc2d9a1882a1e4562333debd/osqp-0.6.7.post3-cp312-cp312-manylinux_2_5_x86_64.manylinux1_x86_64.manylinux_2_17_x86_64.manylinux2014_x86_64.whl", hash = "sha256:502fde0ae710cef1e6418fb8d26efef9597d1dcba877489a1c2eb9c3eb2ff2e9", size = 300002 },
    { url = "https://files.pythonhosted.org/packages/57/b5/958d4188cb9347e420d3de2d19d8cb1113f691b7a093cdef67f86b598f30/osqp-0.6.7.post3-cp312-cp312-win_amd64.whl", hash = "sha256:468588cfb690becba4d1f460c2a53e75530584e3efcf2caed59f5219032e6888", size = 293164 },
    { url = "https://files.pythonhosted.org/packages/94/78/f01a209777678e94546b8c43c12a28db16094dfeea689e9db6d59d3b89ad/osqp-0.6.7.post3-cp313-cp313-macosx_10_13_x86_64.whl", hash = "sha256:cee478eedf9cfad11ff9c27ef0b1e032506a16888b8b874f622816cf8749db7f", size = 251946 },
    { url = "https://files.pythonhosted.org/packages/05/89/2d2dc40ebe25f92901d52d706bf8f31ea5718570e55828f1000fd380911f/osqp-0.6.7.post3-cp313-cp313-macosx_11_0_arm64.whl", hash = "sha256:5dd739c4c6c91e40d2e3ea2bb78c635c897e07697ab24a46d3a5d197e254b0f3", size = 237548 },
    { url = "https://files.pythonhosted.org/packages/65/d3/76c076599a290f6ed5b7ad3bd2c68fa0dd198ccd63fec17f004b859843e4/osqp-0.6.7.post3-cp313-cp313-manylinux_2_17_aarch64.manylinux2014_aarch64.whl", hash = "sha256:002f280f23d15ad3c6386a868688f0b17c90dba13d0f7f8da1c833a14fc4d7f8", size = 295476 },
    { url = "https://files.pythonhosted.org/packages/63/29/b8c9cf93a6a04399960e51c92c92a195d32b80a330c6a25a51d300b86e1a/osqp-0.6.7.post3-cp313-cp313-manylinux_2_5_x86_64.manylinux1_x86_64.manylinux_2_17_x86_64.manylinux2014_x86_64.whl", hash = "sha256:1a2922fe8cb666964cf01b643da81eadf4bb435139a5f042d5bb6dcb87496778", size = 300072 },
    { url = "https://files.pythonhosted.org/packages/4b/0a/acd48ad432ccf2538972805095108801a3b29a2433b48bd3a34e640df1e4/osqp-0.6.7.post3-cp313-cp313-win_amd64.whl", hash = "sha256:acb219e941f5248da5de3ee9b70e6a5aaddf5f3989dffd1d4c03b0f7b1dfa17b", size = 293170 },
]

[[package]]
name = "pandas"
version = "2.2.3"
source = { registry = "https://pypi.org/simple" }
dependencies = [
    { name = "numpy" },
    { name = "python-dateutil" },
    { name = "pytz" },
    { name = "tzdata" },
]
sdist = { url = "https://files.pythonhosted.org/packages/9c/d6/9f8431bacc2e19dca897724cd097b1bb224a6ad5433784a44b587c7c13af/pandas-2.2.3.tar.gz", hash = "sha256:4f18ba62b61d7e192368b84517265a99b4d7ee8912f8708660fb4a366cc82667", size = 4399213 }
wheels = [
    { url = "https://files.pythonhosted.org/packages/a8/44/d9502bf0ed197ba9bf1103c9867d5904ddcaf869e52329787fc54ed70cc8/pandas-2.2.3-cp311-cp311-macosx_10_9_x86_64.whl", hash = "sha256:66108071e1b935240e74525006034333f98bcdb87ea116de573a6a0dccb6c039", size = 12602222 },
    { url = "https://files.pythonhosted.org/packages/52/11/9eac327a38834f162b8250aab32a6781339c69afe7574368fffe46387edf/pandas-2.2.3-cp311-cp311-macosx_11_0_arm64.whl", hash = "sha256:7c2875855b0ff77b2a64a0365e24455d9990730d6431b9e0ee18ad8acee13dbd", size = 11321274 },
    { url = "https://files.pythonhosted.org/packages/45/fb/c4beeb084718598ba19aa9f5abbc8aed8b42f90930da861fcb1acdb54c3a/pandas-2.2.3-cp311-cp311-manylinux2014_aarch64.manylinux_2_17_aarch64.whl", hash = "sha256:cd8d0c3be0515c12fed0bdbae072551c8b54b7192c7b1fda0ba56059a0179698", size = 15579836 },
    { url = "https://files.pythonhosted.org/packages/cd/5f/4dba1d39bb9c38d574a9a22548c540177f78ea47b32f99c0ff2ec499fac5/pandas-2.2.3-cp311-cp311-manylinux_2_17_x86_64.manylinux2014_x86_64.whl", hash = "sha256:c124333816c3a9b03fbeef3a9f230ba9a737e9e5bb4060aa2107a86cc0a497fc", size = 13058505 },
    { url = "https://files.pythonhosted.org/packages/b9/57/708135b90391995361636634df1f1130d03ba456e95bcf576fada459115a/pandas-2.2.3-cp311-cp311-musllinux_1_2_aarch64.whl", hash = "sha256:63cc132e40a2e084cf01adf0775b15ac515ba905d7dcca47e9a251819c575ef3", size = 16744420 },
    { url = "https://files.pythonhosted.org/packages/86/4a/03ed6b7ee323cf30404265c284cee9c65c56a212e0a08d9ee06984ba2240/pandas-2.2.3-cp311-cp311-musllinux_1_2_x86_64.whl", hash = "sha256:29401dbfa9ad77319367d36940cd8a0b3a11aba16063e39632d98b0e931ddf32", size = 14440457 },
    { url = "https://files.pythonhosted.org/packages/ed/8c/87ddf1fcb55d11f9f847e3c69bb1c6f8e46e2f40ab1a2d2abadb2401b007/pandas-2.2.3-cp311-cp311-win_amd64.whl", hash = "sha256:3fc6873a41186404dad67245896a6e440baacc92f5b716ccd1bc9ed2995ab2c5", size = 11617166 },
    { url = "https://files.pythonhosted.org/packages/17/a3/fb2734118db0af37ea7433f57f722c0a56687e14b14690edff0cdb4b7e58/pandas-2.2.3-cp312-cp312-macosx_10_9_x86_64.whl", hash = "sha256:b1d432e8d08679a40e2a6d8b2f9770a5c21793a6f9f47fdd52c5ce1948a5a8a9", size = 12529893 },
    { url = "https://files.pythonhosted.org/packages/e1/0c/ad295fd74bfac85358fd579e271cded3ac969de81f62dd0142c426b9da91/pandas-2.2.3-cp312-cp312-macosx_11_0_arm64.whl", hash = "sha256:a5a1595fe639f5988ba6a8e5bc9649af3baf26df3998a0abe56c02609392e0a4", size = 11363475 },
    { url = "https://files.pythonhosted.org/packages/c6/2a/4bba3f03f7d07207481fed47f5b35f556c7441acddc368ec43d6643c5777/pandas-2.2.3-cp312-cp312-manylinux2014_aarch64.manylinux_2_17_aarch64.whl", hash = "sha256:5de54125a92bb4d1c051c0659e6fcb75256bf799a732a87184e5ea503965bce3", size = 15188645 },
    { url = "https://files.pythonhosted.org/packages/38/f8/d8fddee9ed0d0c0f4a2132c1dfcf0e3e53265055da8df952a53e7eaf178c/pandas-2.2.3-cp312-cp312-manylinux_2_17_x86_64.manylinux2014_x86_64.whl", hash = "sha256:fffb8ae78d8af97f849404f21411c95062db1496aeb3e56f146f0355c9989319", size = 12739445 },
    { url = "https://files.pythonhosted.org/packages/20/e8/45a05d9c39d2cea61ab175dbe6a2de1d05b679e8de2011da4ee190d7e748/pandas-2.2.3-cp312-cp312-musllinux_1_2_aarch64.whl", hash = "sha256:6dfcb5ee8d4d50c06a51c2fffa6cff6272098ad6540aed1a76d15fb9318194d8", size = 16359235 },
    { url = "https://files.pythonhosted.org/packages/1d/99/617d07a6a5e429ff90c90da64d428516605a1ec7d7bea494235e1c3882de/pandas-2.2.3-cp312-cp312-musllinux_1_2_x86_64.whl", hash = "sha256:062309c1b9ea12a50e8ce661145c6aab431b1e99530d3cd60640e255778bd43a", size = 14056756 },
    { url = "https://files.pythonhosted.org/packages/29/d4/1244ab8edf173a10fd601f7e13b9566c1b525c4f365d6bee918e68381889/pandas-2.2.3-cp312-cp312-win_amd64.whl", hash = "sha256:59ef3764d0fe818125a5097d2ae867ca3fa64df032331b7e0917cf5d7bf66b13", size = 11504248 },
    { url = "https://files.pythonhosted.org/packages/64/22/3b8f4e0ed70644e85cfdcd57454686b9057c6c38d2f74fe4b8bc2527214a/pandas-2.2.3-cp313-cp313-macosx_10_13_x86_64.whl", hash = "sha256:f00d1345d84d8c86a63e476bb4955e46458b304b9575dcf71102b5c705320015", size = 12477643 },
    { url = "https://files.pythonhosted.org/packages/e4/93/b3f5d1838500e22c8d793625da672f3eec046b1a99257666c94446969282/pandas-2.2.3-cp313-cp313-macosx_11_0_arm64.whl", hash = "sha256:3508d914817e153ad359d7e069d752cdd736a247c322d932eb89e6bc84217f28", size = 11281573 },
    { url = "https://files.pythonhosted.org/packages/f5/94/6c79b07f0e5aab1dcfa35a75f4817f5c4f677931d4234afcd75f0e6a66ca/pandas-2.2.3-cp313-cp313-manylinux2014_aarch64.manylinux_2_17_aarch64.whl", hash = "sha256:22a9d949bfc9a502d320aa04e5d02feab689d61da4e7764b62c30b991c42c5f0", size = 15196085 },
    { url = "https://files.pythonhosted.org/packages/e8/31/aa8da88ca0eadbabd0a639788a6da13bb2ff6edbbb9f29aa786450a30a91/pandas-2.2.3-cp313-cp313-manylinux_2_17_x86_64.manylinux2014_x86_64.whl", hash = "sha256:f3a255b2c19987fbbe62a9dfd6cff7ff2aa9ccab3fc75218fd4b7530f01efa24", size = 12711809 },
    { url = "https://files.pythonhosted.org/packages/ee/7c/c6dbdb0cb2a4344cacfb8de1c5808ca885b2e4dcfde8008266608f9372af/pandas-2.2.3-cp313-cp313-musllinux_1_2_aarch64.whl", hash = "sha256:800250ecdadb6d9c78eae4990da62743b857b470883fa27f652db8bdde7f6659", size = 16356316 },
    { url = "https://files.pythonhosted.org/packages/57/b7/8b757e7d92023b832869fa8881a992696a0bfe2e26f72c9ae9f255988d42/pandas-2.2.3-cp313-cp313-musllinux_1_2_x86_64.whl", hash = "sha256:6374c452ff3ec675a8f46fd9ab25c4ad0ba590b71cf0656f8b6daa5202bca3fb", size = 14022055 },
    { url = "https://files.pythonhosted.org/packages/3b/bc/4b18e2b8c002572c5a441a64826252ce5da2aa738855747247a971988043/pandas-2.2.3-cp313-cp313-win_amd64.whl", hash = "sha256:61c5ad4043f791b61dd4752191d9f07f0ae412515d59ba8f005832a532f8736d", size = 11481175 },
    { url = "https://files.pythonhosted.org/packages/76/a3/a5d88146815e972d40d19247b2c162e88213ef51c7c25993942c39dbf41d/pandas-2.2.3-cp313-cp313t-macosx_10_13_x86_64.whl", hash = "sha256:3b71f27954685ee685317063bf13c7709a7ba74fc996b84fc6821c59b0f06468", size = 12615650 },
    { url = "https://files.pythonhosted.org/packages/9c/8c/f0fd18f6140ddafc0c24122c8a964e48294acc579d47def376fef12bcb4a/pandas-2.2.3-cp313-cp313t-macosx_11_0_arm64.whl", hash = "sha256:38cf8125c40dae9d5acc10fa66af8ea6fdf760b2714ee482ca691fc66e6fcb18", size = 11290177 },
    { url = "https://files.pythonhosted.org/packages/ed/f9/e995754eab9c0f14c6777401f7eece0943840b7a9fc932221c19d1abee9f/pandas-2.2.3-cp313-cp313t-manylinux2014_aarch64.manylinux_2_17_aarch64.whl", hash = "sha256:ba96630bc17c875161df3818780af30e43be9b166ce51c9a18c1feae342906c2", size = 14651526 },
    { url = "https://files.pythonhosted.org/packages/25/b0/98d6ae2e1abac4f35230aa756005e8654649d305df9a28b16b9ae4353bff/pandas-2.2.3-cp313-cp313t-manylinux_2_17_x86_64.manylinux2014_x86_64.whl", hash = "sha256:1db71525a1538b30142094edb9adc10be3f3e176748cd7acc2240c2f2e5aa3a4", size = 11871013 },
    { url = "https://files.pythonhosted.org/packages/cc/57/0f72a10f9db6a4628744c8e8f0df4e6e21de01212c7c981d31e50ffc8328/pandas-2.2.3-cp313-cp313t-musllinux_1_2_aarch64.whl", hash = "sha256:15c0e1e02e93116177d29ff83e8b1619c93ddc9c49083f237d4312337a61165d", size = 15711620 },
    { url = "https://files.pythonhosted.org/packages/ab/5f/b38085618b950b79d2d9164a711c52b10aefc0ae6833b96f626b7021b2ed/pandas-2.2.3-cp313-cp313t-musllinux_1_2_x86_64.whl", hash = "sha256:ad5b65698ab28ed8d7f18790a0dc58005c7629f227be9ecc1072aa74c0c1d43a", size = 13098436 },
]

[[package]]
name = "plugmj"
version = "1.1.1"
source = { editable = "." }
dependencies = [
    { name = "cvxpy" },
    { name = "loguru" },
    { name = "mosek" },
    { name = "numpy" },
    { name = "pandas" },
]

[package.metadata]
requires-dist = [
    { name = "cvxpy", specifier = ">=1.5.3" },
    { name = "loguru", specifier = ">=0.7.2" },
    { name = "mosek", specifier = ">=10.2.5" },
    { name = "numpy", specifier = "<2.0" },
    { name = "pandas", specifier = ">=2.2.3" },
]

[[package]]
name = "python-dateutil"
version = "2.9.0.post0"
source = { registry = "https://pypi.org/simple" }
dependencies = [
    { name = "six" },
]
sdist = { url = "https://files.pythonhosted.org/packages/66/c0/0c8b6ad9f17a802ee498c46e004a0eb49bc148f2fd230864601a86dcf6db/python-dateutil-2.9.0.post0.tar.gz", hash = "sha256:37dd54208da7e1cd875388217d5e00ebd4179249f90fb72437e91a35459a0ad3", size = 342432 }
wheels = [
    { url = "https://files.pythonhosted.org/packages/ec/57/56b9bcc3c9c6a792fcbaf139543cee77261f3651ca9da0c93f5c1221264b/python_dateutil-2.9.0.post0-py2.py3-none-any.whl", hash = "sha256:a8b2bc7bffae282281c8140a97d3aa9c14da0b136dfe83f850eea9a5f7470427", size = 229892 },
]

[[package]]
name = "pytz"
version = "2024.2"
source = { registry = "https://pypi.org/simple" }
sdist = { url = "https://files.pythonhosted.org/packages/3a/31/3c70bf7603cc2dca0f19bdc53b4537a797747a58875b552c8c413d963a3f/pytz-2024.2.tar.gz", hash = "sha256:2aa355083c50a0f93fa581709deac0c9ad65cca8a9e9beac660adcbd493c798a", size = 319692 }
wheels = [
    { url = "https://files.pythonhosted.org/packages/11/c3/005fcca25ce078d2cc29fd559379817424e94885510568bc1bc53d7d5846/pytz-2024.2-py2.py3-none-any.whl", hash = "sha256:31c7c1817eb7fae7ca4b8c7ee50c72f93aa2dd863de768e1ef4245d426aa0725", size = 508002 },
]

[[package]]
name = "qdldl"
version = "0.1.7.post4"
source = { registry = "https://pypi.org/simple" }
dependencies = [
    { name = "numpy" },
    { name = "scipy" },
]
sdist = { url = "https://files.pythonhosted.org/packages/a8/ce/817c670dbf346281e7344d97fc37270e51eb54a67c944728928d3045a56c/qdldl-0.1.7.post4.tar.gz", hash = "sha256:0c163b9afb92c4b69d446387b1d4295094438b041ec4e8510271b6c4ff1f86fd", size = 73919 }
wheels = [
    { url = "https://files.pythonhosted.org/packages/a5/19/4a3c84f97d63f76490f1da8e8a2278b19876d2e4ffb52a35663b790d333f/qdldl-0.1.7.post4-cp311-cp311-macosx_10_9_x86_64.whl", hash = "sha256:f6639d63c3bf9abbfdffafd3c99b7c603359ca748ab62117ec7fc0948a1c5e77", size = 102286 },
    { url = "https://files.pythonhosted.org/packages/b6/80/03426746bbf1151cef417f1cbd525375e358199620fea50af6f2d994b8d3/qdldl-0.1.7.post4-cp311-cp311-macosx_11_0_arm64.whl", hash = "sha256:87f31e7f2a2708def201b6dc507a48ada7e0c37efd0afda7ef6ef94ae3487c2c", size = 99665 },
    { url = "https://files.pythonhosted.org/packages/1b/1a/6cd98c4dc01d3580b211d77761fbab0e56d84861783ee8efa2fe5387083d/qdldl-0.1.7.post4-cp311-cp311-manylinux_2_17_aarch64.manylinux2014_aarch64.whl", hash = "sha256:47c1b27712444d7b1030c562ed79af18320b4a910454716c9d88114e181eddec", size = 1134551 },
    { url = "https://files.pythonhosted.org/packages/a9/87/756ee0c33ed3fb3c6f1dd1ec0e406b89f44d7da4836059314e0ca40a7f7e/qdldl-0.1.7.post4-cp311-cp311-manylinux_2_17_x86_64.manylinux2014_x86_64.whl", hash = "sha256:1496a820ffb0c1a5bb18392b44052b83b5442745b15f62bbf2d22eec1f506afe", size = 1147726 },
    { url = "https://files.pythonhosted.org/packages/1c/05/c7bb1fd9d3ce9fe41c832a6196250758b81021014cdb080dc4055e8b0867/qdldl-0.1.7.post4-cp311-cp311-win_amd64.whl", hash = "sha256:b6f8d59c01fa5c9dc3b6463fc7e1de7601dcb1aa16b6e14a6d5d283169dc629f", size = 87626 },
    { url = "https://files.pythonhosted.org/packages/41/37/9ae52198cfd9070f72f4421656fbcc13bdb3391acd1741b00cb7fa1a59ff/qdldl-0.1.7.post4-cp312-cp312-macosx_10_9_x86_64.whl", hash = "sha256:e2b9e92bb52d3bc49cfc9fd9a761adb692f049c46e68c0535ed07df2de8292f5", size = 102123 },
    { url = "https://files.pythonhosted.org/packages/3c/c3/e153b6181d0e275b5d370ae509ff288a9b46b35a2d8af73eb5e9bce82ce4/qdldl-0.1.7.post4-cp312-cp312-macosx_11_0_arm64.whl", hash = "sha256:f6710b0c1013292697262803ddd549a81cdfdbdbbbcfa5b56aad04ac9cebbb4a", size = 98898 },
    { url = "https://files.pythonhosted.org/packages/30/9e/1ddf8b3903d2fd8bcb9f3d9d3b9e4390285608223790279ca8ca3f82e7ad/qdldl-0.1.7.post4-cp312-cp312-manylinux_2_17_aarch64.manylinux2014_aarch64.whl", hash = "sha256:a40429f5c0d0edb28d22c4e52c2459fd9a64892ba7d8a39ba51a1a37b3581927", size = 1137897 },
    { url = "https://files.pythonhosted.org/packages/1e/f5/dc4c2a07d2e281df982533733ec6eeda507c605443ac351f5357259cdbbb/qdldl-0.1.7.post4-cp312-cp312-manylinux_2_17_x86_64.manylinux2014_x86_64.whl", hash = "sha256:b85beb51096100dcdea575acedbafb5bac2b7f44485a1d7090bb68a47c8f9928", size = 1156526 },
    { url = "https://files.pythonhosted.org/packages/71/55/f9a26749a4019eb5a149b4304d8dfcac6a27450f2e605c298c8363ead9bc/qdldl-0.1.7.post4-cp312-cp312-win_amd64.whl", hash = "sha256:684306b37a2f06f72c18edd2d6fa45a832e99071ebd87b875d172719e09a322d", size = 87782 },
]

[[package]]
name = "scipy"
version = "1.14.1"
source = { registry = "https://pypi.org/simple" }
dependencies = [
    { name = "numpy" },
]
sdist = { url = "https://files.pythonhosted.org/packages/62/11/4d44a1f274e002784e4dbdb81e0ea96d2de2d1045b2132d5af62cc31fd28/scipy-1.14.1.tar.gz", hash = "sha256:5a275584e726026a5699459aa72f828a610821006228e841b94275c4a7c08417", size = 58620554 }
wheels = [
    { url = "https://files.pythonhosted.org/packages/b2/ab/070ccfabe870d9f105b04aee1e2860520460ef7ca0213172abfe871463b9/scipy-1.14.1-cp311-cp311-macosx_10_13_x86_64.whl", hash = "sha256:2da0469a4ef0ecd3693761acbdc20f2fdeafb69e6819cc081308cc978153c675", size = 39076999 },
    { url = "https://files.pythonhosted.org/packages/a7/c5/02ac82f9bb8f70818099df7e86c3ad28dae64e1347b421d8e3adf26acab6/scipy-1.14.1-cp311-cp311-macosx_12_0_arm64.whl", hash = "sha256:c0ee987efa6737242745f347835da2cc5bb9f1b42996a4d97d5c7ff7928cb6f2", size = 29894570 },
    { url = "https://files.pythonhosted.org/packages/ed/05/7f03e680cc5249c4f96c9e4e845acde08eb1aee5bc216eff8a089baa4ddb/scipy-1.14.1-cp311-cp311-macosx_14_0_arm64.whl", hash = "sha256:3a1b111fac6baec1c1d92f27e76511c9e7218f1695d61b59e05e0fe04dc59617", size = 23103567 },
    { url = "https://files.pythonhosted.org/packages/5e/fc/9f1413bef53171f379d786aabc104d4abeea48ee84c553a3e3d8c9f96a9c/scipy-1.14.1-cp311-cp311-macosx_14_0_x86_64.whl", hash = "sha256:8475230e55549ab3f207bff11ebfc91c805dc3463ef62eda3ccf593254524ce8", size = 25499102 },
    { url = "https://files.pythonhosted.org/packages/c2/4b/b44bee3c2ddc316b0159b3d87a3d467ef8d7edfd525e6f7364a62cd87d90/scipy-1.14.1-cp311-cp311-manylinux_2_17_aarch64.manylinux2014_aarch64.whl", hash = "sha256:278266012eb69f4a720827bdd2dc54b2271c97d84255b2faaa8f161a158c3b37", size = 35586346 },
    { url = "https://files.pythonhosted.org/packages/93/6b/701776d4bd6bdd9b629c387b5140f006185bd8ddea16788a44434376b98f/scipy-1.14.1-cp311-cp311-manylinux_2_17_x86_64.manylinux2014_x86_64.whl", hash = "sha256:fef8c87f8abfb884dac04e97824b61299880c43f4ce675dd2cbeadd3c9b466d2", size = 41165244 },
    { url = "https://files.pythonhosted.org/packages/06/57/e6aa6f55729a8f245d8a6984f2855696c5992113a5dc789065020f8be753/scipy-1.14.1-cp311-cp311-musllinux_1_2_x86_64.whl", hash = "sha256:b05d43735bb2f07d689f56f7b474788a13ed8adc484a85aa65c0fd931cf9ccd2", size = 42817917 },
    { url = "https://files.pythonhosted.org/packages/ea/c2/5ecadc5fcccefaece775feadcd795060adf5c3b29a883bff0e678cfe89af/scipy-1.14.1-cp311-cp311-win_amd64.whl", hash = "sha256:716e389b694c4bb564b4fc0c51bc84d381735e0d39d3f26ec1af2556ec6aad94", size = 44781033 },
    { url = "https://files.pythonhosted.org/packages/c0/04/2bdacc8ac6387b15db6faa40295f8bd25eccf33f1f13e68a72dc3c60a99e/scipy-1.14.1-cp312-cp312-macosx_10_13_x86_64.whl", hash = "sha256:631f07b3734d34aced009aaf6fedfd0eb3498a97e581c3b1e5f14a04164a456d", size = 39128781 },
    { url = "https://files.pythonhosted.org/packages/c8/53/35b4d41f5fd42f5781dbd0dd6c05d35ba8aa75c84ecddc7d44756cd8da2e/scipy-1.14.1-cp312-cp312-macosx_12_0_arm64.whl", hash = "sha256:af29a935803cc707ab2ed7791c44288a682f9c8107bc00f0eccc4f92c08d6e07", size = 29939542 },
    { url = "https://files.pythonhosted.org/packages/66/67/6ef192e0e4d77b20cc33a01e743b00bc9e68fb83b88e06e636d2619a8767/scipy-1.14.1-cp312-cp312-macosx_14_0_arm64.whl", hash = "sha256:2843f2d527d9eebec9a43e6b406fb7266f3af25a751aa91d62ff416f54170bc5", size = 23148375 },
    { url = "https://files.pythonhosted.org/packages/f6/32/3a6dedd51d68eb7b8e7dc7947d5d841bcb699f1bf4463639554986f4d782/scipy-1.14.1-cp312-cp312-macosx_14_0_x86_64.whl", hash = "sha256:eb58ca0abd96911932f688528977858681a59d61a7ce908ffd355957f7025cfc", size = 25578573 },
    { url = "https://files.pythonhosted.org/packages/f0/5a/efa92a58dc3a2898705f1dc9dbaf390ca7d4fba26d6ab8cfffb0c72f656f/scipy-1.14.1-cp312-cp312-manylinux_2_17_aarch64.manylinux2014_aarch64.whl", hash = "sha256:30ac8812c1d2aab7131a79ba62933a2a76f582d5dbbc695192453dae67ad6310", size = 35319299 },
    { url = "https://files.pythonhosted.org/packages/8e/ee/8a26858ca517e9c64f84b4c7734b89bda8e63bec85c3d2f432d225bb1886/scipy-1.14.1-cp312-cp312-manylinux_2_17_x86_64.manylinux2014_x86_64.whl", hash = "sha256:8f9ea80f2e65bdaa0b7627fb00cbeb2daf163caa015e59b7516395fe3bd1e066", size = 40849331 },
    { url = "https://files.pythonhosted.org/packages/a5/cd/06f72bc9187840f1c99e1a8750aad4216fc7dfdd7df46e6280add14b4822/scipy-1.14.1-cp312-cp312-musllinux_1_2_x86_64.whl", hash = "sha256:edaf02b82cd7639db00dbff629995ef185c8df4c3ffa71a5562a595765a06ce1", size = 42544049 },
    { url = "https://files.pythonhosted.org/packages/aa/7d/43ab67228ef98c6b5dd42ab386eae2d7877036970a0d7e3dd3eb47a0d530/scipy-1.14.1-cp312-cp312-win_amd64.whl", hash = "sha256:2ff38e22128e6c03ff73b6bb0f85f897d2362f8c052e3b8ad00532198fbdae3f", size = 44521212 },
    { url = "https://files.pythonhosted.org/packages/50/ef/ac98346db016ff18a6ad7626a35808f37074d25796fd0234c2bb0ed1e054/scipy-1.14.1-cp313-cp313-macosx_10_13_x86_64.whl", hash = "sha256:1729560c906963fc8389f6aac023739ff3983e727b1a4d87696b7bf108316a79", size = 39091068 },
    { url = "https://files.pythonhosted.org/packages/b9/cc/70948fe9f393b911b4251e96b55bbdeaa8cca41f37c26fd1df0232933b9e/scipy-1.14.1-cp313-cp313-macosx_12_0_arm64.whl", hash = "sha256:4079b90df244709e675cdc8b93bfd8a395d59af40b72e339c2287c91860deb8e", size = 29875417 },
    { url = "https://files.pythonhosted.org/packages/3b/2e/35f549b7d231c1c9f9639f9ef49b815d816bf54dd050da5da1c11517a218/scipy-1.14.1-cp313-cp313-macosx_14_0_arm64.whl", hash = "sha256:e0cf28db0f24a38b2a0ca33a85a54852586e43cf6fd876365c86e0657cfe7d73", size = 23084508 },
    { url = "https://files.pythonhosted.org/packages/3f/d6/b028e3f3e59fae61fb8c0f450db732c43dd1d836223a589a8be9f6377203/scipy-1.14.1-cp313-cp313-macosx_14_0_x86_64.whl", hash = "sha256:0c2f95de3b04e26f5f3ad5bb05e74ba7f68b837133a4492414b3afd79dfe540e", size = 25503364 },
    { url = "https://files.pythonhosted.org/packages/a7/2f/6c142b352ac15967744d62b165537a965e95d557085db4beab2a11f7943b/scipy-1.14.1-cp313-cp313-manylinux_2_17_aarch64.manylinux2014_aarch64.whl", hash = "sha256:b99722ea48b7ea25e8e015e8341ae74624f72e5f21fc2abd45f3a93266de4c5d", size = 35292639 },
    { url = "https://files.pythonhosted.org/packages/56/46/2449e6e51e0d7c3575f289f6acb7f828938eaab8874dbccfeb0cd2b71a27/scipy-1.14.1-cp313-cp313-manylinux_2_17_x86_64.manylinux2014_x86_64.whl", hash = "sha256:5149e3fd2d686e42144a093b206aef01932a0059c2a33ddfa67f5f035bdfe13e", size = 40798288 },
    { url = "https://files.pythonhosted.org/packages/32/cd/9d86f7ed7f4497c9fd3e39f8918dd93d9f647ba80d7e34e4946c0c2d1a7c/scipy-1.14.1-cp313-cp313-musllinux_1_2_x86_64.whl", hash = "sha256:e4f5a7c49323533f9103d4dacf4e4f07078f360743dec7f7596949149efeec06", size = 42524647 },
    { url = "https://files.pythonhosted.org/packages/f5/1b/6ee032251bf4cdb0cc50059374e86a9f076308c1512b61c4e003e241efb7/scipy-1.14.1-cp313-cp313-win_amd64.whl", hash = "sha256:baff393942b550823bfce952bb62270ee17504d02a1801d7fd0719534dfb9c84", size = 44469524 },
]

[[package]]
name = "scs"
version = "3.2.7"
source = { registry = "https://pypi.org/simple" }
dependencies = [
    { name = "numpy" },
    { name = "scipy" },
]
sdist = { url = "https://files.pythonhosted.org/packages/b7/54/2550a67de4d675ab7c733b6c61575995958d2beffdbb69c2287461eb9c3a/scs-3.2.7.tar.gz", hash = "sha256:e89d81752ef241d7e408f21d0b69cde9bb6ce196241482e17f763cba5a7d9497", size = 1600253 }
wheels = [
    { url = "https://files.pythonhosted.org/packages/38/5d/f73b0a213de9ea0db3ed67f25d6af417cf16c7b6ac373345fca84c3fca32/scs-3.2.7-cp311-cp311-macosx_10_9_x86_64.whl", hash = "sha256:4734bebd2a41275c3dc1fa7f36c0fb83a08b2abeb0d259317c3721beb5dca010", size = 105784 },
    { url = "https://files.pythonhosted.org/packages/6e/6c/ee6f4b890b925f9a4696185c5b8c01cce0adbdef1f823662525196a5149c/scs-3.2.7-cp311-cp311-macosx_11_0_arm64.whl", hash = "sha256:c01dcbeba8bb18c6b2d5460da69293af243ad6808b14a06a5f80bb9fa59674c0", size = 93523 },
    { url = "https://files.pythonhosted.org/packages/ce/c8/d3e75a6bf7e0d8dce0fe591cea8d1266d7897601c29f6c9e4010e5e74f6c/scs-3.2.7-cp311-cp311-manylinux_2_17_x86_64.manylinux2014_x86_64.whl", hash = "sha256:51e23c0ffa23a0f21e493f87ca569575af56a34655fde9b4fba28781f6b0061e", size = 10443014 },
    { url = "https://files.pythonhosted.org/packages/f3/49/1a5e027fe64b661bed22c7a7d89fdb0f5f1bc0e10261502ee48bf15f6b6a/scs-3.2.7-cp311-cp311-win_amd64.whl", hash = "sha256:257274213acd76c66f53c42da7e22b8d4478f6d963d8a4ef6d0b6b8293b97278", size = 8400779 },
    { url = "https://files.pythonhosted.org/packages/2f/d3/cc2ae520c7d6c6d6ae553bf9ae6661deea30b96f8d8fbf3dfc36363f6806/scs-3.2.7-cp312-cp312-macosx_10_9_x86_64.whl", hash = "sha256:ae5f0b85c5970d5024343a8ade77a0b1d05e5b36aa2069067971ae6adcaa51e7", size = 105889 },
    { url = "https://files.pythonhosted.org/packages/8b/08/9b5d872ffab4aa938821419231ed56f3fbf262cdd8102ff80ba4ff7d2c11/scs-3.2.7-cp312-cp312-macosx_11_0_arm64.whl", hash = "sha256:ab0678e6a678929fabc1f18c34ff9a2ad888d8e2f73a1a350770ecb62fb35724", size = 93472 },
    { url = "https://files.pythonhosted.org/packages/9f/87/0da6223183ca403b6478ab7f8ba87b83b8f2d6546dba2b929cf05b97d734/scs-3.2.7-cp312-cp312-manylinux_2_17_x86_64.manylinux2014_x86_64.whl", hash = "sha256:9d91ab6d26b6aaf14905c1295c331cef2ed956a16b92228de2fa58723729f6d7", size = 10443056 },
    { url = "https://files.pythonhosted.org/packages/08/12/074f49ac609a6886f26bd42ef4e63da1d5e9108618eb2fe461d7a6908400/scs-3.2.7-cp312-cp312-win_amd64.whl", hash = "sha256:ab42697c7b8deeb2bb800b4d7ff6ab6c313d2f235f0d031f85a38f986a29006e", size = 8444209 },
]

[[package]]
name = "six"
version = "1.16.0"
source = { registry = "https://pypi.org/simple" }
sdist = { url = "https://files.pythonhosted.org/packages/71/39/171f1c67cd00715f190ba0b100d606d440a28c93c7714febeca8b79af85e/six-1.16.0.tar.gz", hash = "sha256:1e61c37477a1626458e36f7b1d82aa5c9b094fa4802892072e49de9c60c4c926", size = 34041 }
wheels = [
    { url = "https://files.pythonhosted.org/packages/d9/5a/e7c31adbe875f2abbb91bd84cf2dc52d792b5a01506781dbcf25c91daf11/six-1.16.0-py2.py3-none-any.whl", hash = "sha256:8abb2f1d86890a2dfb989f9a77cfcfd3e47c2a354b01111771326f8aa26e0254", size = 11053 },
]

[[package]]
name = "tzdata"
version = "2024.2"
source = { registry = "https://pypi.org/simple" }
sdist = { url = "https://files.pythonhosted.org/packages/e1/34/943888654477a574a86a98e9896bae89c7aa15078ec29f490fef2f1e5384/tzdata-2024.2.tar.gz", hash = "sha256:7d85cc416e9382e69095b7bdf4afd9e3880418a2413feec7069d533d6b4e31cc", size = 193282 }
wheels = [
    { url = "https://files.pythonhosted.org/packages/a6/ab/7e5f53c3b9d14972843a647d8d7a853969a58aecc7559cb3267302c94774/tzdata-2024.2-py2.py3-none-any.whl", hash = "sha256:a48093786cdcde33cad18c2555e8532f34422074448fbc874186f0abd79565cd", size = 346586 },
]

[[package]]
name = "win32-setctime"
version = "1.1.0"
source = { registry = "https://pypi.org/simple" }
sdist = { url = "https://files.pythonhosted.org/packages/6b/dd/f95a13d2b235a28d613ba23ebad55191514550debb968b46aab99f2e3a30/win32_setctime-1.1.0.tar.gz", hash = "sha256:15cf5750465118d6929ae4de4eb46e8edae9a5634350c01ba582df868e932cb2", size = 3676 }
wheels = [
    { url = "https://files.pythonhosted.org/packages/0a/e6/a7d828fef907843b2a5773ebff47fb79ac0c1c88d60c0ca9530ee941e248/win32_setctime-1.1.0-py3-none-any.whl", hash = "sha256:231db239e959c2fe7eb1d7dc129f11172354f98361c4fa2d6d2d7e278baa8aad", size = 3604 },
]
